PODS:
  - FlutterMacOS (1.0.0)
  - immich_file_list (0.0.1):
    - FlutterMacOS

DEPENDENCIES:
  - FlutterMacOS (from `Flutter/ephemeral`)
  - immich_file_list (from `Flutter/ephemeral/.symlinks/plugins/immich_file_list/macos`)

EXTERNAL SOURCES:
  FlutterMacOS:
    :path: Flutter/ephemeral
  immich_file_list:
    :path: Flutter/ephemeral/.symlinks/plugins/immich_file_list/macos

SPEC CHECKSUMS:
  FlutterMacOS: d0db08ddef1a9af05a5ec4b724367152bb0500b1
  immich_file_list: 63677f70f4d46b9fe4c06dcad68f79d4ccdc472d

PODFILE CHECKSUM: 54d867c82ac51cbd61b565781b9fada492027009

COCOAPODS: 1.16.2
